
Microsoft Visual Studio Solution File, Format Version 12.00
# Visual Studio 15
VisualStudioVersion = 15.0.28307.106
MinimumVisualStudioVersion = 10.0.40219.1
Project("{FAE04EC0-301F-11D3-BF4B-00C04F79EFBC}") = "FOOP_Lab9", "FOOP_Lab9\FOOP_Lab9.csproj", "{55D6CAD8-1F2C-414F-BF3E-1B3785D72353}"
EndProject
Global
	GlobalSection(SolutionConfigurationPlatforms) = preSolution
		Debug|Any CPU = Debug|Any CPU
		Release|Any CPU = Release|Any CPU
	EndGlobalSection
	GlobalSection(ProjectConfigurationPlatforms) = postSolution
		{55D6CAD8-1F2C-414F-BF3E-1B3785D72353}.Debug|Any CPU.ActiveCfg = Debug|Any CPU
		{55D6CAD8-1F2C-414F-BF3E-1B3785D72353}.Debug|Any CPU.Build.0 = Debug|Any CPU
		{55D6CAD8-1F2C-414F-BF3E-1B3785D72353}.Release|Any CPU.ActiveCfg = Release|Any CPU
		{55D6CAD8-1F2C-414F-BF3E-1B3785D72353}.Release|Any CPU.Build.0 = Release|Any CPU
	EndGlobalSection
	GlobalSection(SolutionProperties) = preSolution
		HideSolutionNode = FALSE
	EndGlobalSection
	GlobalSection(ExtensibilityGlobals) = postSolution
		SolutionGuid = {99C01EE2-C267-4348-9B6B-18E4EA0ED2B3}
	EndGlobalSection
EndGlobal
